{
  "name": "openrt-html",
  "version": "1.0.0",
  "lockfileVersion": 2,
  "requires": true,
  "packages": {
    "": {
      "name": "openrt-html",
      "version": "1.0.0",
      "license": "ISC",
      "dependencies": {
        "openrt-html": "^1.0.0"
      }
    },
    "node_modules/openrt-html": {
      "version": "1.0.0",
      "resolved": "https://registry.npmjs.org/openrt-html/-/openrt-html-1.0.0.tgz",
      "integrity": "sha512-Ibkh7VHtkYUAoBCB05Ji/G4OsxzRPVU8iK2mMSKs+VIJbIs/QQjxohoigotsqLxtoLrSbw6y3XyOc6plbpQp5g=="
    }
  },
  "dependencies": {
    "openrt-html": {
      "version": "1.0.0",
      "resolved": "https://registry.npmjs.org/openrt-html/-/openrt-html-1.0.0.tgz",
      "integrity": "sha512-Ibkh7VHtkYUAoBCB05Ji/G4OsxzRPVU8iK2mMSKs+VIJbIs/QQjxohoigotsqLxtoLrSbw6y3XyOc6plbpQp5g=="
    }
  }
}
